
Microsoft Visual Studio Solution File, Format Version 12.00
# Visual Studio Version 16
VisualStudioVersion = 16.0.30413.136
MinimumVisualStudioVersion = 10.0.40219.1
Project("{2150E333-8FDC-42A3-9474-1A3956D46DE8}") = "BackEnd", "BackEnd", "{3349FA83-B906-4FC9-95DE-790F30D7EB23}"
EndProject
Project("{2150E333-8FDC-42A3-9474-1A3956D46DE8}") = "FrontEnd", "FrontEnd", "{B5C988E2-7456-462B-BB4E-FE40CB0181E2}"
EndProject
Project("{FAE04EC0-301F-11D3-BF4B-00C04F79EFBC}") = "CapaDato", "CapaDato\CapaDato.csproj", "{F46CD693-1B0B-45C8-BAF1-866B444D289D}"
EndProject
Project("{FAE04EC0-301F-11D3-BF4B-00C04F79EFBC}") = "CapaEntidad", "CapaEntidad\CapaEntidad.csproj", "{C2CEB977-929D-42EB-AE47-BFB68A34F6B2}"
EndProject
Project("{FAE04EC0-301F-11D3-BF4B-00C04F79EFBC}") = "CapaNegocio", "CapaNegocio\CapaNegocio.csproj", "{E2E57030-B0EE-45B4-B0E9-5B40113875E1}"
EndProject
Project("{FAE04EC0-301F-11D3-BF4B-00C04F79EFBC}") = "CapaServicio", "CapaServicio\CapaServicio.csproj", "{4539DDCF-99AC-4014-9BBC-616C752B0094}"
EndProject
Project("{FAE04EC0-301F-11D3-BF4B-00C04F79EFBC}") = "CapaWeb", "CapaWeb\CapaWeb.csproj", "{E4FF25F1-FCE1-4162-8E89-CA1F794CBD98}"
	ProjectSection(ProjectDependencies) = postProject
		{4539DDCF-99AC-4014-9BBC-616C752B0094} = {4539DDCF-99AC-4014-9BBC-616C752B0094}
	EndProjectSection
EndProject
Project("{FAE04EC0-301F-11D3-BF4B-00C04F79EFBC}") = "SeguridadFrontEnd", "SeguridadFrontEnd\SeguridadFrontEnd.csproj", "{C2655C82-06F7-4F0B-AAF4-D06DDF3398BC}"
	ProjectSection(ProjectDependencies) = postProject
		{4539DDCF-99AC-4014-9BBC-616C752B0094} = {4539DDCF-99AC-4014-9BBC-616C752B0094}
	EndProjectSection
EndProject
Global
	GlobalSection(SolutionConfigurationPlatforms) = preSolution
		Debug|Any CPU = Debug|Any CPU
		Release|Any CPU = Release|Any CPU
	EndGlobalSection
	GlobalSection(ProjectConfigurationPlatforms) = postSolution
		{F46CD693-1B0B-45C8-BAF1-866B444D289D}.Debug|Any CPU.ActiveCfg = Debug|Any CPU
		{F46CD693-1B0B-45C8-BAF1-866B444D289D}.Debug|Any CPU.Build.0 = Debug|Any CPU
		{F46CD693-1B0B-45C8-BAF1-866B444D289D}.Release|Any CPU.ActiveCfg = Release|Any CPU
		{F46CD693-1B0B-45C8-BAF1-866B444D289D}.Release|Any CPU.Build.0 = Release|Any CPU
		{C2CEB977-929D-42EB-AE47-BFB68A34F6B2}.Debug|Any CPU.ActiveCfg = Debug|Any CPU
		{C2CEB977-929D-42EB-AE47-BFB68A34F6B2}.Debug|Any CPU.Build.0 = Debug|Any CPU
		{C2CEB977-929D-42EB-AE47-BFB68A34F6B2}.Release|Any CPU.ActiveCfg = Release|Any CPU
		{C2CEB977-929D-42EB-AE47-BFB68A34F6B2}.Release|Any CPU.Build.0 = Release|Any CPU
		{E2E57030-B0EE-45B4-B0E9-5B40113875E1}.Debug|Any CPU.ActiveCfg = Debug|Any CPU
		{E2E57030-B0EE-45B4-B0E9-5B40113875E1}.Debug|Any CPU.Build.0 = Debug|Any CPU
		{E2E57030-B0EE-45B4-B0E9-5B40113875E1}.Release|Any CPU.ActiveCfg = Release|Any CPU
		{E2E57030-B0EE-45B4-B0E9-5B40113875E1}.Release|Any CPU.Build.0 = Release|Any CPU
		{4539DDCF-99AC-4014-9BBC-616C752B0094}.Debug|Any CPU.ActiveCfg = Debug|Any CPU
		{4539DDCF-99AC-4014-9BBC-616C752B0094}.Debug|Any CPU.Build.0 = Debug|Any CPU
		{4539DDCF-99AC-4014-9BBC-616C752B0094}.Release|Any CPU.ActiveCfg = Release|Any CPU
		{4539DDCF-99AC-4014-9BBC-616C752B0094}.Release|Any CPU.Build.0 = Release|Any CPU
		{E4FF25F1-FCE1-4162-8E89-CA1F794CBD98}.Debug|Any CPU.ActiveCfg = Debug|Any CPU
		{E4FF25F1-FCE1-4162-8E89-CA1F794CBD98}.Debug|Any CPU.Build.0 = Debug|Any CPU
		{E4FF25F1-FCE1-4162-8E89-CA1F794CBD98}.Release|Any CPU.ActiveCfg = Release|Any CPU
		{E4FF25F1-FCE1-4162-8E89-CA1F794CBD98}.Release|Any CPU.Build.0 = Release|Any CPU
		{C2655C82-06F7-4F0B-AAF4-D06DDF3398BC}.Debug|Any CPU.ActiveCfg = Debug|Any CPU
		{C2655C82-06F7-4F0B-AAF4-D06DDF3398BC}.Debug|Any CPU.Build.0 = Debug|Any CPU
		{C2655C82-06F7-4F0B-AAF4-D06DDF3398BC}.Release|Any CPU.ActiveCfg = Release|Any CPU
		{C2655C82-06F7-4F0B-AAF4-D06DDF3398BC}.Release|Any CPU.Build.0 = Release|Any CPU
	EndGlobalSection
	GlobalSection(SolutionProperties) = preSolution
		HideSolutionNode = FALSE
	EndGlobalSection
	GlobalSection(NestedProjects) = preSolution
		{F46CD693-1B0B-45C8-BAF1-866B444D289D} = {3349FA83-B906-4FC9-95DE-790F30D7EB23}
		{C2CEB977-929D-42EB-AE47-BFB68A34F6B2} = {3349FA83-B906-4FC9-95DE-790F30D7EB23}
		{E2E57030-B0EE-45B4-B0E9-5B40113875E1} = {3349FA83-B906-4FC9-95DE-790F30D7EB23}
		{4539DDCF-99AC-4014-9BBC-616C752B0094} = {3349FA83-B906-4FC9-95DE-790F30D7EB23}
		{E4FF25F1-FCE1-4162-8E89-CA1F794CBD98} = {B5C988E2-7456-462B-BB4E-FE40CB0181E2}
		{C2655C82-06F7-4F0B-AAF4-D06DDF3398BC} = {B5C988E2-7456-462B-BB4E-FE40CB0181E2}
	EndGlobalSection
	GlobalSection(ExtensibilityGlobals) = postSolution
		SolutionGuid = {3272DED0-1C5F-4D24-A4EB-9C4D00B17CE2}
	EndGlobalSection
EndGlobal
